
Microsoft Visual Studio Solution File, Format Version 12.00
# Visual Studio Version 17
VisualStudioVersion = 17.7.34003.232
MinimumVisualStudioVersion = 10.0.40219.1
Project("{8BC9CEB8-8B4A-11D0-8D11-00A0C91BC942}") = "水波特效", "水波特效.vcxproj", "{C7C82D3C-EEDA-4A86-9DC2-5C30E4B70DAB}"
EndProject
Global
	GlobalSection(SolutionConfigurationPlatforms) = preSolution
		Debug|x64 = Debug|x64
		Debug|x86 = Debug|x86
		Release|x64 = Release|x64
		Release|x86 = Release|x86
	EndGlobalSection
	GlobalSection(ProjectConfigurationPlatforms) = postSolution
		{C7C82D3C-EEDA-4A86-9DC2-5C30E4B70DAB}.Debug|x64.ActiveCfg = Debug|x64
		{C7C82D3C-EEDA-4A86-9DC2-5C30E4B70DAB}.Debug|x64.Build.0 = Debug|x64
		{C7C82D3C-EEDA-4A86-9DC2-5C30E4B70DAB}.Debug|x86.ActiveCfg = Debug|Win32
		{C7C82D3C-EEDA-4A86-9DC2-5C30E4B70DAB}.Debug|x86.Build.0 = Debug|Win32
		{C7C82D3C-EEDA-4A86-9DC2-5C30E4B70DAB}.Release|x64.ActiveCfg = Release|x64
		{C7C82D3C-EEDA-4A86-9DC2-5C30E4B70DAB}.Release|x64.Build.0 = Release|x64
		{C7C82D3C-EEDA-4A86-9DC2-5C30E4B70DAB}.Release|x86.ActiveCfg = Release|Win32
		{C7C82D3C-EEDA-4A86-9DC2-5C30E4B70DAB}.Release|x86.Build.0 = Release|Win32
	EndGlobalSection
	GlobalSection(SolutionProperties) = preSolution
		HideSolutionNode = FALSE
	EndGlobalSection
	GlobalSection(ExtensibilityGlobals) = postSolution
		SolutionGuid = {6448DFF4-6FCE-44AB-98C2-3B7F23A8830C}
	EndGlobalSection
EndGlobal
